{
  "name": "westmetroroblox.github.io",
  "version": "1.0.0",
  "lockfileVersion": 3,
  "requires": true,
  "packages": {
    "": {
      "name": "westmetroroblox.github.io",
      "version": "1.0.0",
      "license": "ISC",
      "dependencies": {
        "nsw-design-system": "^3.4.0"
      }
    },
    "node_modules/nsw-design-system": {
      "version": "3.4.0",
      "resolved": "https://registry.npmjs.org/nsw-design-system/-/nsw-design-system-3.4.0.tgz",
      "integrity": "sha512-gk2axtUPSO87HBNujz+WYuHjwn3vIkYDnitKlC0kFOBQx3XmrGgGKuZqVKY9Cn2Rm9X0xjfARrdOiE6l7To49Q=="
    }
  }
}
